
Microsoft Visual Studio Solution File, Format Version 12.00
# Visual Studio 15
VisualStudioVersion = 15.0.27703.2042
MinimumVisualStudioVersion = 10.0.40219.1
Project("{9A19103F-16F7-4668-BE54-9A1E7A4F7556}") = "YingBlog.Core", "YingBlog.Core\YingBlog.Core.csproj", "{7EF21AD0-AB13-4B62-8D1A-7E40C14978B4}"
EndProject
Project("{9A19103F-16F7-4668-BE54-9A1E7A4F7556}") = "YingBlog.EntityFramework", "YingBlog.EntityFramework\YingBlog.EntityFramework.csproj", "{030D5B82-FEC1-4649-96FC-92CBFA0F405C}"
EndProject
Project("{9A19103F-16F7-4668-BE54-9A1E7A4F7556}") = "AuthorizationServer", "AuthorizationServer\AuthorizationServer.csproj", "{8B826554-75C9-4F6D-900A-FFBBA74E6FF4}"
EndProject
Project("{2150E333-8FDC-42A3-9474-1A3956D46DE8}") = "Ling", "Ling", "{BAF7360D-68D9-4BD4-9CC2-4481B70EB52B}"
EndProject
Project("{2150E333-8FDC-42A3-9474-1A3956D46DE8}") = "Ling.Core", "Ling.Core", "{9690FF0B-215D-4893-AFC7-E3A540BE3FA5}"
EndProject
Project("{FAE04EC0-301F-11D3-BF4B-00C04F79EFBC}") = "Ling.Identity", "Ling.Identity\Ling.Identity.csproj", "{FAE48FD8-0487-4A72-96CE-0BA8E520A2A1}"
EndProject
Project("{FAE04EC0-301F-11D3-BF4B-00C04F79EFBC}") = "Ling.Domain", "Ling.Domain\Ling.Domain.csproj", "{7AAC37E5-BA9B-4395-B60F-B6FEC606DD15}"
EndProject
Project("{FAE04EC0-301F-11D3-BF4B-00C04F79EFBC}") = "Ling.AutoFac", "Ling.AutoFac\Ling.AutoFac.csproj", "{D27F61F2-33FA-4E4D-A101-54386B3A37A1}"
EndProject
Global
	GlobalSection(SolutionConfigurationPlatforms) = preSolution
		Debug|Any CPU = Debug|Any CPU
		Release|Any CPU = Release|Any CPU
	EndGlobalSection
	GlobalSection(ProjectConfigurationPlatforms) = postSolution
		{7EF21AD0-AB13-4B62-8D1A-7E40C14978B4}.Debug|Any CPU.ActiveCfg = Debug|Any CPU
		{7EF21AD0-AB13-4B62-8D1A-7E40C14978B4}.Debug|Any CPU.Build.0 = Debug|Any CPU
		{7EF21AD0-AB13-4B62-8D1A-7E40C14978B4}.Release|Any CPU.ActiveCfg = Release|Any CPU
		{7EF21AD0-AB13-4B62-8D1A-7E40C14978B4}.Release|Any CPU.Build.0 = Release|Any CPU
		{030D5B82-FEC1-4649-96FC-92CBFA0F405C}.Debug|Any CPU.ActiveCfg = Debug|Any CPU
		{030D5B82-FEC1-4649-96FC-92CBFA0F405C}.Debug|Any CPU.Build.0 = Debug|Any CPU
		{030D5B82-FEC1-4649-96FC-92CBFA0F405C}.Release|Any CPU.ActiveCfg = Release|Any CPU
		{030D5B82-FEC1-4649-96FC-92CBFA0F405C}.Release|Any CPU.Build.0 = Release|Any CPU
		{8B826554-75C9-4F6D-900A-FFBBA74E6FF4}.Debug|Any CPU.ActiveCfg = Debug|Any CPU
		{8B826554-75C9-4F6D-900A-FFBBA74E6FF4}.Debug|Any CPU.Build.0 = Debug|Any CPU
		{8B826554-75C9-4F6D-900A-FFBBA74E6FF4}.Release|Any CPU.ActiveCfg = Release|Any CPU
		{8B826554-75C9-4F6D-900A-FFBBA74E6FF4}.Release|Any CPU.Build.0 = Release|Any CPU
		{FAE48FD8-0487-4A72-96CE-0BA8E520A2A1}.Debug|Any CPU.ActiveCfg = Debug|Any CPU
		{FAE48FD8-0487-4A72-96CE-0BA8E520A2A1}.Debug|Any CPU.Build.0 = Debug|Any CPU
		{FAE48FD8-0487-4A72-96CE-0BA8E520A2A1}.Release|Any CPU.ActiveCfg = Release|Any CPU
		{FAE48FD8-0487-4A72-96CE-0BA8E520A2A1}.Release|Any CPU.Build.0 = Release|Any CPU
		{7AAC37E5-BA9B-4395-B60F-B6FEC606DD15}.Debug|Any CPU.ActiveCfg = Debug|Any CPU
		{7AAC37E5-BA9B-4395-B60F-B6FEC606DD15}.Debug|Any CPU.Build.0 = Debug|Any CPU
		{7AAC37E5-BA9B-4395-B60F-B6FEC606DD15}.Release|Any CPU.ActiveCfg = Release|Any CPU
		{7AAC37E5-BA9B-4395-B60F-B6FEC606DD15}.Release|Any CPU.Build.0 = Release|Any CPU
		{D27F61F2-33FA-4E4D-A101-54386B3A37A1}.Debug|Any CPU.ActiveCfg = Debug|Any CPU
		{D27F61F2-33FA-4E4D-A101-54386B3A37A1}.Debug|Any CPU.Build.0 = Debug|Any CPU
		{D27F61F2-33FA-4E4D-A101-54386B3A37A1}.Release|Any CPU.ActiveCfg = Release|Any CPU
		{D27F61F2-33FA-4E4D-A101-54386B3A37A1}.Release|Any CPU.Build.0 = Release|Any CPU
	EndGlobalSection
	GlobalSection(SolutionProperties) = preSolution
		HideSolutionNode = FALSE
	EndGlobalSection
	GlobalSection(NestedProjects) = preSolution
		{9690FF0B-215D-4893-AFC7-E3A540BE3FA5} = {BAF7360D-68D9-4BD4-9CC2-4481B70EB52B}
		{FAE48FD8-0487-4A72-96CE-0BA8E520A2A1} = {9690FF0B-215D-4893-AFC7-E3A540BE3FA5}
		{7AAC37E5-BA9B-4395-B60F-B6FEC606DD15} = {9690FF0B-215D-4893-AFC7-E3A540BE3FA5}
		{D27F61F2-33FA-4E4D-A101-54386B3A37A1} = {9690FF0B-215D-4893-AFC7-E3A540BE3FA5}
	EndGlobalSection
	GlobalSection(ExtensibilityGlobals) = postSolution
		SolutionGuid = {9AF96AD4-0D8D-4854-8688-CE5401740285}
	EndGlobalSection
EndGlobal
